
Microsoft Visual Studio Solution File, Format Version 11.00
# Visual Studio 2010
Project("{FAE04EC0-301F-11D3-BF4B-00C04F79EFBC}") = "WowArmory", "WowArmory\WowArmory.csproj", "{4F2C5707-287C-4923-BC04-46B7BD3C565C}"
EndProject
Project("{FAE04EC0-301F-11D3-BF4B-00C04F79EFBC}") = "WowArmory.Core", "WowArmory.Core\WowArmory.Core.csproj", "{311B0216-014C-4FB7-B8C1-34A4292B3B16}"
EndProject
Project("{2150E333-8FDC-42A3-9474-1A3956D46DE8}") = "Libraries", "Libraries", "{98CA23BF-C174-44CD-9934-0A9F42EEA2CB}"
	ProjectSection(SolutionItems) = preProject
		Lib\GalaSoft.MvvmLight.Extras.WP7.dll = Lib\GalaSoft.MvvmLight.Extras.WP7.dll
		Lib\GalaSoft.MvvmLight.Extras.WP7.XML = Lib\GalaSoft.MvvmLight.Extras.WP7.XML
		Lib\GalaSoft.MvvmLight.WP7.dll = Lib\GalaSoft.MvvmLight.WP7.dll
		Lib\GalaSoft.MvvmLight.WP7.XML = Lib\GalaSoft.MvvmLight.WP7.XML
		Lib\PhoneToolkit.snk = Lib\PhoneToolkit.snk
		Lib\Telerik.Windows.Controls.Chart.dll = Lib\Telerik.Windows.Controls.Chart.dll
		Lib\Telerik.Windows.Controls.Data.dll = Lib\Telerik.Windows.Controls.Data.dll
		Lib\Telerik.Windows.Controls.DataVisualization.dll = Lib\Telerik.Windows.Controls.DataVisualization.dll
		Lib\Telerik.Windows.Controls.Input.dll = Lib\Telerik.Windows.Controls.Input.dll
		Lib\Telerik.Windows.Controls.Primitives.dll = Lib\Telerik.Windows.Controls.Primitives.dll
		Lib\Telerik.Windows.Core.dll = Lib\Telerik.Windows.Core.dll
		Lib\Telerik.Windows.Data.dll = Lib\Telerik.Windows.Data.dll
	EndProjectSection
EndProject
Project("{2150E333-8FDC-42A3-9474-1A3956D46DE8}") = "Solution Files", "Solution Files", "{1758EB4A-95E4-4AD8-A4F4-061E0643AA53}"
	ProjectSection(SolutionItems) = preProject
		Json_NET_License.txt = Json_NET_License.txt
		LICENSE = LICENSE
		README.markdown = README.markdown
	EndProjectSection
EndProject
Project("{2150E333-8FDC-42A3-9474-1A3956D46DE8}") = "Media", "Media", "{E58D69AE-8433-4FA0-B650-4A188AA862DF}"
	ProjectSection(SolutionItems) = preProject
		Media\ApplicationIcon.png = Media\ApplicationIcon.png
		Media\ApplicationIcon.psd = Media\ApplicationIcon.psd
		Media\Artwork_Background_Panorama.png = Media\Artwork_Background_Panorama.png
		Media\Artwork_Background_Panorama.psd = Media\Artwork_Background_Panorama.psd
		Media\Artwork_PCMarketplace_Large.png = Media\Artwork_PCMarketplace_Large.png
		Media\Artwork_PCMarketplace_Large.psd = Media\Artwork_PCMarketplace_Large.psd
		Media\Artwork_PhoneMarketplace_Large.png = Media\Artwork_PhoneMarketplace_Large.png
		Media\Artwork_PhoneMarketplace_Large.psd = Media\Artwork_PhoneMarketplace_Large.psd
		Media\Artwork_PhoneMarketplace_Small.png = Media\Artwork_PhoneMarketplace_Small.png
		Media\Artwork_PhoneMarketplace_Small.psd = Media\Artwork_PhoneMarketplace_Small.psd
		Media\Background.png = Media\Background.png
		Media\Background.psd = Media\Background.psd
		Media\Coin.psd = Media\Coin.psd
		Media\Coin_Copper.png = Media\Coin_Copper.png
		Media\Coin_Gold.png = Media\Coin_Gold.png
		Media\Coin_Silver.png = Media\Coin_Silver.png
		Media\Durability.png = Media\Durability.png
		Media\Durability.psd = Media\Durability.psd
		Media\ExternalLink.png = Media\ExternalLink.png
		Media\ExternalLink.psd = Media\ExternalLink.psd
		Media\MainPage_Button.psd = Media\MainPage_Button.psd
		Media\MainPage_Button_Base.png = Media\MainPage_Button_Base.png
		Media\MainPage_Button_Highlight.png = Media\MainPage_Button_Highlight.png
		Media\MainPage_Button_Mask.png = Media\MainPage_Button_Mask.png
		Media\MainPage_Button_Pressed.png = Media\MainPage_Button_Pressed.png
		Media\RealmList_Population.png = Media\RealmList_Population.png
		Media\RealmList_Queue.png = Media\RealmList_Queue.png
		Media\RealmList_Status.psd = Media\RealmList_Status.psd
		Media\RealmList_Status_Offline.png = Media\RealmList_Status_Offline.png
		Media\RealmList_Status_Online.png = Media\RealmList_Status_Online.png
		Media\SplashScreenImage.jpg = Media\SplashScreenImage.jpg
		Media\SplashScreenImage.psd = Media\SplashScreenImage.psd
	EndProjectSection
EndProject
Project("{FAE04EC0-301F-11D3-BF4B-00C04F79EFBC}") = "Microsoft.Phone.Controls.Toolkit", "Lib\Microsoft.Phone.Controls.Toolkit\Microsoft.Phone.Controls.Toolkit.csproj", "{0754458A-7AFC-463A-B27D-2F6980522119}"
EndProject
Project("{FAE04EC0-301F-11D3-BF4B-00C04F79EFBC}") = "Newtonsoft.Json.WindowsPhone", "Lib\Newtonsoft.Json\Newtonsoft.Json.WindowsPhone.csproj", "{7A7F70AB-5C07-47ED-BDD2-ECC14DBACA5E}"
EndProject
Project("{2150E333-8FDC-42A3-9474-1A3956D46DE8}") = "CharacterDetails", "CharacterDetails", "{6ABB592A-EDA1-4333-99BD-ED0395E75D01}"
	ProjectSection(SolutionItems) = preProject
		Media\CharacterDetails\Character_Title.png = Media\CharacterDetails\Character_Title.png
		Media\CharacterDetails\Character_Title.psd = Media\CharacterDetails\Character_Title.psd
		Media\CharacterDetails\Faction_Header.psd = Media\CharacterDetails\Faction_Header.psd
		Media\CharacterDetails\Faction_Header_0.png = Media\CharacterDetails\Faction_Header_0.png
		Media\CharacterDetails\Faction_Header_1.png = Media\CharacterDetails\Faction_Header_1.png
		Media\CharacterDetails\Favorite.psd = Media\CharacterDetails\Favorite.psd
		Media\CharacterDetails\Favorite_0.png = Media\CharacterDetails\Favorite_0.png
		Media\CharacterDetails\Favorite_1.png = Media\CharacterDetails\Favorite_1.png
		Media\CharacterDetails\Item_Mask.png = Media\CharacterDetails\Item_Mask.png
		Media\CharacterDetails\Item_Rarity.psd = Media\CharacterDetails\Item_Rarity.psd
		Media\CharacterDetails\Item_Rarity_0.png = Media\CharacterDetails\Item_Rarity_0.png
		Media\CharacterDetails\Item_Rarity_1.png = Media\CharacterDetails\Item_Rarity_1.png
		Media\CharacterDetails\Item_Rarity_2.png = Media\CharacterDetails\Item_Rarity_2.png
		Media\CharacterDetails\Item_Rarity_3.png = Media\CharacterDetails\Item_Rarity_3.png
		Media\CharacterDetails\Item_Rarity_4.png = Media\CharacterDetails\Item_Rarity_4.png
		Media\CharacterDetails\Item_Rarity_5.png = Media\CharacterDetails\Item_Rarity_5.png
		Media\CharacterDetails\Item_Rarity_7.png = Media\CharacterDetails\Item_Rarity_7.png
		Media\CharacterDetails\Item_Selected.png = Media\CharacterDetails\Item_Selected.png
		Media\CharacterDetails\Profession_Bar.png = Media\CharacterDetails\Profession_Bar.png
		Media\CharacterDetails\Profession_Bar.psd = Media\CharacterDetails\Profession_Bar.psd
		Media\CharacterDetails\Profession_Border.png = Media\CharacterDetails\Profession_Border.png
		Media\CharacterDetails\Profession_Mask.png = Media\CharacterDetails\Profession_Mask.png
		Media\CharacterDetails\Reputation_Bar.psd = Media\CharacterDetails\Reputation_Bar.psd
		Media\CharacterDetails\Reputation_Bar_0.png = Media\CharacterDetails\Reputation_Bar_0.png
		Media\CharacterDetails\Reputation_Bar_1.png = Media\CharacterDetails\Reputation_Bar_1.png
		Media\CharacterDetails\Reputation_Bar_2.png = Media\CharacterDetails\Reputation_Bar_2.png
		Media\CharacterDetails\Reputation_Bar_3.png = Media\CharacterDetails\Reputation_Bar_3.png
		Media\CharacterDetails\Reputation_Bar_4.png = Media\CharacterDetails\Reputation_Bar_4.png
		Media\CharacterDetails\Reputation_Bar_5.png = Media\CharacterDetails\Reputation_Bar_5.png
		Media\CharacterDetails\Reputation_Bar_6.png = Media\CharacterDetails\Reputation_Bar_6.png
		Media\CharacterDetails\Reputation_Bar_7.png = Media\CharacterDetails\Reputation_Bar_7.png
	EndProjectSection
EndProject
Project("{2150E333-8FDC-42A3-9474-1A3956D46DE8}") = "Icons", "Icons", "{E38956DD-0E34-4549-8EB0-F6C634AD6327}"
	ProjectSection(SolutionItems) = preProject
		Media\Icons\Achievementpoints.png = Media\Icons\Achievementpoints.png
		Media\Icons\Achievementpoints.psd = Media\Icons\Achievementpoints.psd
		Media\Icons\Achievementpoints_Large.png = Media\Icons\Achievementpoints_Large.png
		Media\Icons\Icon.psd = Media\Icons\Icon.psd
		Media\Icons\Icon_Background.png = Media\Icons\Icon_Background.png
		Media\Icons\Icon_Border.png = Media\Icons\Icon_Border.png
		Media\Icons\Icon_Mask.png = Media\Icons\Icon_Mask.png
	EndProjectSection
EndProject
Project("{2150E333-8FDC-42A3-9474-1A3956D46DE8}") = "MainPage", "MainPage", "{22D83C24-EFA4-4D83-A082-EA8591A5EA85}"
	ProjectSection(SolutionItems) = preProject
		Media\Icons\MainPage\Characters.png = Media\Icons\MainPage\Characters.png
		Media\Icons\MainPage\Facebook.png = Media\Icons\MainPage\Facebook.png
		Media\Icons\MainPage\Guilds.png = Media\Icons\MainPage\Guilds.png
		Media\Icons\MainPage\Help.png = Media\Icons\MainPage\Help.png
		Media\Icons\MainPage\News.png = Media\Icons\MainPage\News.png
		Media\Icons\MainPage\Realms.png = Media\Icons\MainPage\Realms.png
		Media\Icons\MainPage\Settings.png = Media\Icons\MainPage\Settings.png
		Media\Icons\MainPage\Twitter.png = Media\Icons\MainPage\Twitter.png
	EndProjectSection
EndProject
Project("{2150E333-8FDC-42A3-9474-1A3956D46DE8}") = "ApplicationBar", "ApplicationBar", "{D30C058C-315B-4D7F-8B27-BE2C0DF35184}"
EndProject
Project("{2150E333-8FDC-42A3-9474-1A3956D46DE8}") = "Settings", "Settings", "{B6517931-2F91-4538-A374-A055163BBDE4}"
	ProjectSection(SolutionItems) = preProject
		Media\ApplicationBar\Settings\cancel.png = Media\ApplicationBar\Settings\cancel.png
		Media\ApplicationBar\Settings\save.png = Media\ApplicationBar\Settings\save.png
	EndProjectSection
EndProject
Project("{2150E333-8FDC-42A3-9474-1A3956D46DE8}") = "CharacterList", "CharacterList", "{3747578C-1B15-4E0B-9C04-608562DC793A}"
	ProjectSection(SolutionItems) = preProject
		Media\ApplicationBar\CharacterList\delete.png = Media\ApplicationBar\CharacterList\delete.png
		Media\ApplicationBar\CharacterList\search.png = Media\ApplicationBar\CharacterList\search.png
		Media\ApplicationBar\CharacterList\update.png = Media\ApplicationBar\CharacterList\update.png
	EndProjectSection
EndProject
Project("{2150E333-8FDC-42A3-9474-1A3956D46DE8}") = "Badge", "Badge", "{3A47F978-1BD8-4F24-92B9-5BF3D90B990A}"
	ProjectSection(SolutionItems) = preProject
		Media\Badge\Badge.psd = Media\Badge\Badge.psd
		Media\Badge\Badge_Class_1.png = Media\Badge\Badge_Class_1.png
		Media\Badge\Badge_Class_11.png = Media\Badge\Badge_Class_11.png
		Media\Badge\Badge_Class_2.png = Media\Badge\Badge_Class_2.png
		Media\Badge\Badge_Class_3.png = Media\Badge\Badge_Class_3.png
		Media\Badge\Badge_Class_4.png = Media\Badge\Badge_Class_4.png
		Media\Badge\Badge_Class_5.png = Media\Badge\Badge_Class_5.png
		Media\Badge\Badge_Class_6.png = Media\Badge\Badge_Class_6.png
		Media\Badge\Badge_Class_7.png = Media\Badge\Badge_Class_7.png
		Media\Badge\Badge_Class_8.png = Media\Badge\Badge_Class_8.png
		Media\Badge\Badge_Class_9.png = Media\Badge\Badge_Class_9.png
		Media\Badge\Badge_Faction_0.png = Media\Badge\Badge_Faction_0.png
		Media\Badge\Badge_Faction_1.png = Media\Badge\Badge_Faction_1.png
	EndProjectSection
EndProject
Project("{2150E333-8FDC-42A3-9474-1A3956D46DE8}") = "PaperDoll", "PaperDoll", "{980D282C-EADB-4971-A0B9-BBA5CE9F1137}"
	ProjectSection(SolutionItems) = preProject
		Media\PaperDoll\back.png = Media\PaperDoll\back.png
		Media\PaperDoll\chest.png = Media\PaperDoll\chest.png
		Media\PaperDoll\feet.png = Media\PaperDoll\feet.png
		Media\PaperDoll\finger.png = Media\PaperDoll\finger.png
		Media\PaperDoll\hands.png = Media\PaperDoll\hands.png
		Media\PaperDoll\head.png = Media\PaperDoll\head.png
		Media\PaperDoll\legs.png = Media\PaperDoll\legs.png
		Media\PaperDoll\mainhand.png = Media\PaperDoll\mainhand.png
		Media\PaperDoll\neck.png = Media\PaperDoll\neck.png
		Media\PaperDoll\offhand.png = Media\PaperDoll\offhand.png
		Media\PaperDoll\ranged.png = Media\PaperDoll\ranged.png
		Media\PaperDoll\relic.png = Media\PaperDoll\relic.png
		Media\PaperDoll\shirt.png = Media\PaperDoll\shirt.png
		Media\PaperDoll\shoulder.png = Media\PaperDoll\shoulder.png
		Media\PaperDoll\tabard.png = Media\PaperDoll\tabard.png
		Media\PaperDoll\trinket.png = Media\PaperDoll\trinket.png
		Media\PaperDoll\waist.png = Media\PaperDoll\waist.png
		Media\PaperDoll\wrist.png = Media\PaperDoll\wrist.png
	EndProjectSection
EndProject
Project("{2150E333-8FDC-42A3-9474-1A3956D46DE8}") = "Thumbnails", "Thumbnails", "{D08DFF7A-5CEF-4C8C-BC6C-25B0346443E5}"
	ProjectSection(SolutionItems) = preProject
		Media\Thumbnails\1-0.jpg = Media\Thumbnails\1-0.jpg
		Media\Thumbnails\1-1.jpg = Media\Thumbnails\1-1.jpg
		Media\Thumbnails\10-0.jpg = Media\Thumbnails\10-0.jpg
		Media\Thumbnails\10-1.jpg = Media\Thumbnails\10-1.jpg
		Media\Thumbnails\11-0.jpg = Media\Thumbnails\11-0.jpg
		Media\Thumbnails\11-1.jpg = Media\Thumbnails\11-1.jpg
		Media\Thumbnails\2-0.jpg = Media\Thumbnails\2-0.jpg
		Media\Thumbnails\2-1.jpg = Media\Thumbnails\2-1.jpg
		Media\Thumbnails\22-0.jpg = Media\Thumbnails\22-0.jpg
		Media\Thumbnails\22-1.jpg = Media\Thumbnails\22-1.jpg
		Media\Thumbnails\3-0.jpg = Media\Thumbnails\3-0.jpg
		Media\Thumbnails\3-1.jpg = Media\Thumbnails\3-1.jpg
		Media\Thumbnails\4-0.jpg = Media\Thumbnails\4-0.jpg
		Media\Thumbnails\4-1.jpg = Media\Thumbnails\4-1.jpg
		Media\Thumbnails\5-0.jpg = Media\Thumbnails\5-0.jpg
		Media\Thumbnails\5-1.jpg = Media\Thumbnails\5-1.jpg
		Media\Thumbnails\6-0.jpg = Media\Thumbnails\6-0.jpg
		Media\Thumbnails\6-1.jpg = Media\Thumbnails\6-1.jpg
		Media\Thumbnails\7-0.jpg = Media\Thumbnails\7-0.jpg
		Media\Thumbnails\7-1.jpg = Media\Thumbnails\7-1.jpg
		Media\Thumbnails\8-0.jpg = Media\Thumbnails\8-0.jpg
		Media\Thumbnails\8-1.jpg = Media\Thumbnails\8-1.jpg
		Media\Thumbnails\9-0.jpg = Media\Thumbnails\9-0.jpg
		Media\Thumbnails\9-1.jpg = Media\Thumbnails\9-1.jpg
	EndProjectSection
EndProject
Project("{2150E333-8FDC-42A3-9474-1A3956D46DE8}") = "RealmList", "RealmList", "{F223F66E-D6DF-4D1C-AAB6-9220B8418D6D}"
	ProjectSection(SolutionItems) = preProject
		Media\ApplicationBar\RealmList\refresh.png = Media\ApplicationBar\RealmList\refresh.png
	EndProjectSection
EndProject
Project("{2150E333-8FDC-42A3-9474-1A3956D46DE8}") = "Item", "Item", "{32C2704E-4A1A-415B-9EE6-E637150B7813}"
	ProjectSection(SolutionItems) = preProject
		Media\Item\Reforge_Arrow.png = Media\Item\Reforge_Arrow.png
		Media\Item\Reforge_Arrow.psd = Media\Item\Reforge_Arrow.psd
		Media\Item\Socket.psd = Media\Item\Socket.psd
		Media\Item\Socket_BLUE.png = Media\Item\Socket_BLUE.png
		Media\Item\Socket_GREEN.png = Media\Item\Socket_GREEN.png
		Media\Item\Socket_META.png = Media\Item\Socket_META.png
		Media\Item\Socket_ORANGE.png = Media\Item\Socket_ORANGE.png
		Media\Item\Socket_PRISMATIC.png = Media\Item\Socket_PRISMATIC.png
		Media\Item\Socket_PURPLE.png = Media\Item\Socket_PURPLE.png
		Media\Item\Socket_RED.png = Media\Item\Socket_RED.png
		Media\Item\Socket_YELLOW.png = Media\Item\Socket_YELLOW.png
	EndProjectSection
EndProject
Project("{2150E333-8FDC-42A3-9474-1A3956D46DE8}") = "Professions", "Professions", "{2761AE5B-DA97-446F-9987-1B566176AC60}"
	ProjectSection(SolutionItems) = preProject
		Media\Icons\Professions\alchemy.png = Media\Icons\Professions\alchemy.png
		Media\Icons\Professions\archaeology.png = Media\Icons\Professions\archaeology.png
		Media\Icons\Professions\blacksmithing.png = Media\Icons\Professions\blacksmithing.png
		Media\Icons\Professions\cooking.png = Media\Icons\Professions\cooking.png
		Media\Icons\Professions\enchanting.png = Media\Icons\Professions\enchanting.png
		Media\Icons\Professions\engineering.png = Media\Icons\Professions\engineering.png
		Media\Icons\Professions\firstaid.png = Media\Icons\Professions\firstaid.png
		Media\Icons\Professions\fishing.png = Media\Icons\Professions\fishing.png
		Media\Icons\Professions\herbalism.png = Media\Icons\Professions\herbalism.png
		Media\Icons\Professions\inscription.png = Media\Icons\Professions\inscription.png
		Media\Icons\Professions\jewelcrafting.png = Media\Icons\Professions\jewelcrafting.png
		Media\Icons\Professions\leatherworking.png = Media\Icons\Professions\leatherworking.png
		Media\Icons\Professions\mining.png = Media\Icons\Professions\mining.png
		Media\Icons\Professions\Professions.psd = Media\Icons\Professions\Professions.psd
		Media\Icons\Professions\skinning.png = Media\Icons\Professions\skinning.png
		Media\Icons\Professions\tailoring.png = Media\Icons\Professions\tailoring.png
	EndProjectSection
EndProject
Project("{2150E333-8FDC-42A3-9474-1A3956D46DE8}") = "Backgrounds", "Backgrounds", "{962D07B1-80D7-4310-BDC0-2580C77FD57E}"
	ProjectSection(SolutionItems) = preProject
		Media\CharacterDetails\Backgrounds\Backgrounds.psd = Media\CharacterDetails\Backgrounds\Backgrounds.psd
		Media\CharacterDetails\Backgrounds\DarkBloodElf.png = Media\CharacterDetails\Backgrounds\DarkBloodElf.png
		Media\CharacterDetails\Backgrounds\DarkDeathKnight.png = Media\CharacterDetails\Backgrounds\DarkDeathKnight.png
		Media\CharacterDetails\Backgrounds\DarkDraenei.png = Media\CharacterDetails\Backgrounds\DarkDraenei.png
		Media\CharacterDetails\Backgrounds\DarkDwarf.png = Media\CharacterDetails\Backgrounds\DarkDwarf.png
		Media\CharacterDetails\Backgrounds\DarkGnome.png = Media\CharacterDetails\Backgrounds\DarkGnome.png
		Media\CharacterDetails\Backgrounds\DarkGoblin.png = Media\CharacterDetails\Backgrounds\DarkGoblin.png
		Media\CharacterDetails\Backgrounds\DarkHuman.png = Media\CharacterDetails\Backgrounds\DarkHuman.png
		Media\CharacterDetails\Backgrounds\DarkNightElf.png = Media\CharacterDetails\Backgrounds\DarkNightElf.png
		Media\CharacterDetails\Backgrounds\DarkOrc.png = Media\CharacterDetails\Backgrounds\DarkOrc.png
		Media\CharacterDetails\Backgrounds\DarkTauren.png = Media\CharacterDetails\Backgrounds\DarkTauren.png
		Media\CharacterDetails\Backgrounds\DarkTroll.png = Media\CharacterDetails\Backgrounds\DarkTroll.png
		Media\CharacterDetails\Backgrounds\DarkUndead.png = Media\CharacterDetails\Backgrounds\DarkUndead.png
		Media\CharacterDetails\Backgrounds\DarkWorgen.png = Media\CharacterDetails\Backgrounds\DarkWorgen.png
		Media\CharacterDetails\Backgrounds\LightBloodElf.png = Media\CharacterDetails\Backgrounds\LightBloodElf.png
		Media\CharacterDetails\Backgrounds\LightDeathKnight.png = Media\CharacterDetails\Backgrounds\LightDeathKnight.png
		Media\CharacterDetails\Backgrounds\LightDraenei.png = Media\CharacterDetails\Backgrounds\LightDraenei.png
		Media\CharacterDetails\Backgrounds\LightDwarf.png = Media\CharacterDetails\Backgrounds\LightDwarf.png
		Media\CharacterDetails\Backgrounds\LightGnome.png = Media\CharacterDetails\Backgrounds\LightGnome.png
		Media\CharacterDetails\Backgrounds\LightGoblin.png = Media\CharacterDetails\Backgrounds\LightGoblin.png
		Media\CharacterDetails\Backgrounds\LightHuman.png = Media\CharacterDetails\Backgrounds\LightHuman.png
		Media\CharacterDetails\Backgrounds\LightNightElf.png = Media\CharacterDetails\Backgrounds\LightNightElf.png
		Media\CharacterDetails\Backgrounds\LightOrc.png = Media\CharacterDetails\Backgrounds\LightOrc.png
		Media\CharacterDetails\Backgrounds\LightTauren.png = Media\CharacterDetails\Backgrounds\LightTauren.png
		Media\CharacterDetails\Backgrounds\LightTroll.png = Media\CharacterDetails\Backgrounds\LightTroll.png
		Media\CharacterDetails\Backgrounds\LightUndead.png = Media\CharacterDetails\Backgrounds\LightUndead.png
		Media\CharacterDetails\Backgrounds\LightWorgen.png = Media\CharacterDetails\Backgrounds\LightWorgen.png
	EndProjectSection
EndProject
Project("{2150E333-8FDC-42A3-9474-1A3956D46DE8}") = "Classes", "Classes", "{D4F786E2-9BB4-4907-995F-4BF86533F122}"
	ProjectSection(SolutionItems) = preProject
		Media\Icons\Classes\1.png = Media\Icons\Classes\1.png
		Media\Icons\Classes\11.png = Media\Icons\Classes\11.png
		Media\Icons\Classes\11_Border.png = Media\Icons\Classes\11_Border.png
		Media\Icons\Classes\1_Border.png = Media\Icons\Classes\1_Border.png
		Media\Icons\Classes\2.png = Media\Icons\Classes\2.png
		Media\Icons\Classes\2_Border.png = Media\Icons\Classes\2_Border.png
		Media\Icons\Classes\3.png = Media\Icons\Classes\3.png
		Media\Icons\Classes\3_Border.png = Media\Icons\Classes\3_Border.png
		Media\Icons\Classes\4.png = Media\Icons\Classes\4.png
		Media\Icons\Classes\4_Border.png = Media\Icons\Classes\4_Border.png
		Media\Icons\Classes\5.png = Media\Icons\Classes\5.png
		Media\Icons\Classes\5_Border.png = Media\Icons\Classes\5_Border.png
		Media\Icons\Classes\6.png = Media\Icons\Classes\6.png
		Media\Icons\Classes\6_Border.png = Media\Icons\Classes\6_Border.png
		Media\Icons\Classes\7.png = Media\Icons\Classes\7.png
		Media\Icons\Classes\7_Border.png = Media\Icons\Classes\7_Border.png
		Media\Icons\Classes\8.png = Media\Icons\Classes\8.png
		Media\Icons\Classes\8_Border.png = Media\Icons\Classes\8_Border.png
		Media\Icons\Classes\9.png = Media\Icons\Classes\9.png
		Media\Icons\Classes\9_Border.png = Media\Icons\Classes\9_Border.png
		Media\Icons\Classes\WithBorder.psd = Media\Icons\Classes\WithBorder.psd
	EndProjectSection
EndProject
Project("{2150E333-8FDC-42A3-9474-1A3956D46DE8}") = "Races", "Races", "{A7D15A19-10A3-4B34-8C33-A52BDCBEFAD1}"
	ProjectSection(SolutionItems) = preProject
		Media\Icons\Races\10_0.png = Media\Icons\Races\10_0.png
		Media\Icons\Races\10_0_Border.png = Media\Icons\Races\10_0_Border.png
		Media\Icons\Races\10_1.png = Media\Icons\Races\10_1.png
		Media\Icons\Races\10_1_Border.png = Media\Icons\Races\10_1_Border.png
		Media\Icons\Races\11_0.png = Media\Icons\Races\11_0.png
		Media\Icons\Races\11_0_Border.png = Media\Icons\Races\11_0_Border.png
		Media\Icons\Races\11_1.png = Media\Icons\Races\11_1.png
		Media\Icons\Races\11_1_Border.png = Media\Icons\Races\11_1_Border.png
		Media\Icons\Races\1_0.png = Media\Icons\Races\1_0.png
		Media\Icons\Races\1_0_Border.png = Media\Icons\Races\1_0_Border.png
		Media\Icons\Races\1_1.png = Media\Icons\Races\1_1.png
		Media\Icons\Races\1_1_Border.png = Media\Icons\Races\1_1_Border.png
		Media\Icons\Races\22_0.png = Media\Icons\Races\22_0.png
		Media\Icons\Races\22_0_Border.png = Media\Icons\Races\22_0_Border.png
		Media\Icons\Races\22_1.png = Media\Icons\Races\22_1.png
		Media\Icons\Races\22_1_Border.png = Media\Icons\Races\22_1_Border.png
		Media\Icons\Races\2_0.png = Media\Icons\Races\2_0.png
		Media\Icons\Races\2_0_Border.png = Media\Icons\Races\2_0_Border.png
		Media\Icons\Races\2_1.png = Media\Icons\Races\2_1.png
		Media\Icons\Races\2_1_Border.png = Media\Icons\Races\2_1_Border.png
		Media\Icons\Races\3_0.png = Media\Icons\Races\3_0.png
		Media\Icons\Races\3_0_Border.png = Media\Icons\Races\3_0_Border.png
		Media\Icons\Races\3_1.png = Media\Icons\Races\3_1.png
		Media\Icons\Races\3_1_Border.png = Media\Icons\Races\3_1_Border.png
		Media\Icons\Races\4_0.png = Media\Icons\Races\4_0.png
		Media\Icons\Races\4_0_Border.png = Media\Icons\Races\4_0_Border.png
		Media\Icons\Races\4_1.png = Media\Icons\Races\4_1.png
		Media\Icons\Races\4_1_Border.png = Media\Icons\Races\4_1_Border.png
		Media\Icons\Races\5_0.png = Media\Icons\Races\5_0.png
		Media\Icons\Races\5_0_Border.png = Media\Icons\Races\5_0_Border.png
		Media\Icons\Races\5_1.png = Media\Icons\Races\5_1.png
		Media\Icons\Races\5_1_Border.png = Media\Icons\Races\5_1_Border.png
		Media\Icons\Races\6_0.png = Media\Icons\Races\6_0.png
		Media\Icons\Races\6_0_Border.png = Media\Icons\Races\6_0_Border.png
		Media\Icons\Races\6_1.png = Media\Icons\Races\6_1.png
		Media\Icons\Races\6_1_Border.png = Media\Icons\Races\6_1_Border.png
		Media\Icons\Races\7_0.png = Media\Icons\Races\7_0.png
		Media\Icons\Races\7_0_Border.png = Media\Icons\Races\7_0_Border.png
		Media\Icons\Races\7_1.png = Media\Icons\Races\7_1.png
		Media\Icons\Races\7_1_Border.png = Media\Icons\Races\7_1_Border.png
		Media\Icons\Races\8_0.png = Media\Icons\Races\8_0.png
		Media\Icons\Races\8_0_Border.png = Media\Icons\Races\8_0_Border.png
		Media\Icons\Races\8_1.png = Media\Icons\Races\8_1.png
		Media\Icons\Races\8_1_Border.png = Media\Icons\Races\8_1_Border.png
		Media\Icons\Races\9_0.png = Media\Icons\Races\9_0.png
		Media\Icons\Races\9_0_Border.png = Media\Icons\Races\9_0_Border.png
		Media\Icons\Races\9_1.png = Media\Icons\Races\9_1.png
		Media\Icons\Races\9_1_Border.png = Media\Icons\Races\9_1_Border.png
		Media\Icons\Races\WithBorder.psd = Media\Icons\Races\WithBorder.psd
	EndProjectSection
EndProject
Project("{2150E333-8FDC-42A3-9474-1A3956D46DE8}") = "GuildDetails", "GuildDetails", "{09636BAC-CD2C-47A7-B728-D903B2C0DFA7}"
	ProjectSection(SolutionItems) = preProject
		Media\GuildDetails\Favorite.psd = Media\GuildDetails\Favorite.psd
		Media\GuildDetails\Favorite_0.png = Media\GuildDetails\Favorite_0.png
		Media\GuildDetails\Favorite_1.png = Media\GuildDetails\Favorite_1.png
	EndProjectSection
EndProject
Project("{2150E333-8FDC-42A3-9474-1A3956D46DE8}") = "GuildList", "GuildList", "{805AEC53-B9BB-462B-92BA-58F25FA2957E}"
	ProjectSection(SolutionItems) = preProject
		Media\ApplicationBar\GuildList\delete.png = Media\ApplicationBar\GuildList\delete.png
		Media\ApplicationBar\GuildList\search.png = Media\ApplicationBar\GuildList\search.png
		Media\ApplicationBar\GuildList\update.png = Media\ApplicationBar\GuildList\update.png
	EndProjectSection
EndProject
Project("{2150E333-8FDC-42A3-9474-1A3956D46DE8}") = "Factions", "Factions", "{38557035-4446-481F-87EF-53A86D8B8768}"
	ProjectSection(SolutionItems) = preProject
		Media\Icons\Factions\0.png = Media\Icons\Factions\0.png
		Media\Icons\Factions\1.png = Media\Icons\Factions\1.png
		Media\Icons\Factions\WithBorder.psd = Media\Icons\Factions\WithBorder.psd
	EndProjectSection
EndProject
Global
	GlobalSection(SolutionConfigurationPlatforms) = preSolution
		Debug|Any CPU = Debug|Any CPU
		Release|Any CPU = Release|Any CPU
	EndGlobalSection
	GlobalSection(ProjectConfigurationPlatforms) = postSolution
		{4F2C5707-287C-4923-BC04-46B7BD3C565C}.Debug|Any CPU.ActiveCfg = Debug|Any CPU
		{4F2C5707-287C-4923-BC04-46B7BD3C565C}.Debug|Any CPU.Build.0 = Debug|Any CPU
		{4F2C5707-287C-4923-BC04-46B7BD3C565C}.Debug|Any CPU.Deploy.0 = Debug|Any CPU
		{4F2C5707-287C-4923-BC04-46B7BD3C565C}.Release|Any CPU.ActiveCfg = Release|Any CPU
		{4F2C5707-287C-4923-BC04-46B7BD3C565C}.Release|Any CPU.Build.0 = Release|Any CPU
		{4F2C5707-287C-4923-BC04-46B7BD3C565C}.Release|Any CPU.Deploy.0 = Release|Any CPU
		{311B0216-014C-4FB7-B8C1-34A4292B3B16}.Debug|Any CPU.ActiveCfg = Debug|Any CPU
		{311B0216-014C-4FB7-B8C1-34A4292B3B16}.Debug|Any CPU.Build.0 = Debug|Any CPU
		{311B0216-014C-4FB7-B8C1-34A4292B3B16}.Release|Any CPU.ActiveCfg = Release|Any CPU
		{311B0216-014C-4FB7-B8C1-34A4292B3B16}.Release|Any CPU.Build.0 = Release|Any CPU
		{0754458A-7AFC-463A-B27D-2F6980522119}.Debug|Any CPU.ActiveCfg = Debug|Any CPU
		{0754458A-7AFC-463A-B27D-2F6980522119}.Debug|Any CPU.Build.0 = Debug|Any CPU
		{0754458A-7AFC-463A-B27D-2F6980522119}.Release|Any CPU.ActiveCfg = Release|Any CPU
		{0754458A-7AFC-463A-B27D-2F6980522119}.Release|Any CPU.Build.0 = Release|Any CPU
		{7A7F70AB-5C07-47ED-BDD2-ECC14DBACA5E}.Debug|Any CPU.ActiveCfg = Debug|Any CPU
		{7A7F70AB-5C07-47ED-BDD2-ECC14DBACA5E}.Debug|Any CPU.Build.0 = Debug|Any CPU
		{7A7F70AB-5C07-47ED-BDD2-ECC14DBACA5E}.Release|Any CPU.ActiveCfg = Release|Any CPU
		{7A7F70AB-5C07-47ED-BDD2-ECC14DBACA5E}.Release|Any CPU.Build.0 = Release|Any CPU
	EndGlobalSection
	GlobalSection(SolutionProperties) = preSolution
		HideSolutionNode = FALSE
	EndGlobalSection
	GlobalSection(NestedProjects) = preSolution
		{0754458A-7AFC-463A-B27D-2F6980522119} = {98CA23BF-C174-44CD-9934-0A9F42EEA2CB}
		{7A7F70AB-5C07-47ED-BDD2-ECC14DBACA5E} = {98CA23BF-C174-44CD-9934-0A9F42EEA2CB}
		{6ABB592A-EDA1-4333-99BD-ED0395E75D01} = {E58D69AE-8433-4FA0-B650-4A188AA862DF}
		{E38956DD-0E34-4549-8EB0-F6C634AD6327} = {E58D69AE-8433-4FA0-B650-4A188AA862DF}
		{D30C058C-315B-4D7F-8B27-BE2C0DF35184} = {E58D69AE-8433-4FA0-B650-4A188AA862DF}
		{3A47F978-1BD8-4F24-92B9-5BF3D90B990A} = {E58D69AE-8433-4FA0-B650-4A188AA862DF}
		{980D282C-EADB-4971-A0B9-BBA5CE9F1137} = {E58D69AE-8433-4FA0-B650-4A188AA862DF}
		{D08DFF7A-5CEF-4C8C-BC6C-25B0346443E5} = {E58D69AE-8433-4FA0-B650-4A188AA862DF}
		{32C2704E-4A1A-415B-9EE6-E637150B7813} = {E58D69AE-8433-4FA0-B650-4A188AA862DF}
		{09636BAC-CD2C-47A7-B728-D903B2C0DFA7} = {E58D69AE-8433-4FA0-B650-4A188AA862DF}
		{962D07B1-80D7-4310-BDC0-2580C77FD57E} = {6ABB592A-EDA1-4333-99BD-ED0395E75D01}
		{22D83C24-EFA4-4D83-A082-EA8591A5EA85} = {E38956DD-0E34-4549-8EB0-F6C634AD6327}
		{2761AE5B-DA97-446F-9987-1B566176AC60} = {E38956DD-0E34-4549-8EB0-F6C634AD6327}
		{D4F786E2-9BB4-4907-995F-4BF86533F122} = {E38956DD-0E34-4549-8EB0-F6C634AD6327}
		{A7D15A19-10A3-4B34-8C33-A52BDCBEFAD1} = {E38956DD-0E34-4549-8EB0-F6C634AD6327}
		{38557035-4446-481F-87EF-53A86D8B8768} = {E38956DD-0E34-4549-8EB0-F6C634AD6327}
		{B6517931-2F91-4538-A374-A055163BBDE4} = {D30C058C-315B-4D7F-8B27-BE2C0DF35184}
		{3747578C-1B15-4E0B-9C04-608562DC793A} = {D30C058C-315B-4D7F-8B27-BE2C0DF35184}
		{F223F66E-D6DF-4D1C-AAB6-9220B8418D6D} = {D30C058C-315B-4D7F-8B27-BE2C0DF35184}
		{805AEC53-B9BB-462B-92BA-58F25FA2957E} = {D30C058C-315B-4D7F-8B27-BE2C0DF35184}
	EndGlobalSection
EndGlobal
